
Microsoft Visual Studio Solution File, Format Version 12.00
Project("{FAE04EC0-301F-11D3-BF4B-00C04F79EFBC}") = "KC_RemoveUpdatePopup", "KC_RemoveUpdatePopup\KC_RemoveUpdatePopup.csproj", "{91AB1E12-85CA-416A-BF56-7B99D2FCC1CF}"
EndProject
Global
	GlobalSection(SolutionConfigurationPlatforms) = preSolution
		Debug|Any CPU = Debug|Any CPU
		Release|Any CPU = Release|Any CPU
	EndGlobalSection
	GlobalSection(ProjectConfigurationPlatforms) = postSolution
		{91AB1E12-85CA-416A-BF56-7B99D2FCC1CF}.Debug|Any CPU.ActiveCfg = Debug|Any CPU
		{91AB1E12-85CA-416A-BF56-7B99D2FCC1CF}.Debug|Any CPU.Build.0 = Debug|Any CPU
		{91AB1E12-85CA-416A-BF56-7B99D2FCC1CF}.Release|Any CPU.ActiveCfg = Release|Any CPU
		{91AB1E12-85CA-416A-BF56-7B99D2FCC1CF}.Release|Any CPU.Build.0 = Release|Any CPU
	EndGlobalSection
EndGlobal
